
Microsoft Visual Studio Solution File, Format Version 12.00
# Visual Studio Version 17
VisualStudioVersion = 17.8.34408.163
MinimumVisualStudioVersion = 10.0.40219.1
Project("{FAE04EC0-301F-11D3-BF4B-00C04F79EFBC}") = "WebApp", "WebApp\WebApp.csproj", "{701A758D-1C90-4958-ADCA-19FA22030537}"
EndProject
Global
	GlobalSection(SolutionConfigurationPlatforms) = preSolution
		Debug|Any CPU = Debug|Any CPU
		Release|Any CPU = Release|Any CPU
	EndGlobalSection
	GlobalSection(ProjectConfigurationPlatforms) = postSolution
		{701A758D-1C90-4958-ADCA-19FA22030537}.Debug|Any CPU.ActiveCfg = Debug|Any CPU
		{701A758D-1C90-4958-ADCA-19FA22030537}.Debug|Any CPU.Build.0 = Debug|Any CPU
		{701A758D-1C90-4958-ADCA-19FA22030537}.Release|Any CPU.ActiveCfg = Release|Any CPU
		{701A758D-1C90-4958-ADCA-19FA22030537}.Release|Any CPU.Build.0 = Release|Any CPU
	EndGlobalSection
	GlobalSection(SolutionProperties) = preSolution
		HideSolutionNode = FALSE
	EndGlobalSection
	GlobalSection(ExtensibilityGlobals) = postSolution
		SolutionGuid = {7EB5E9CE-DE57-43DE-94F6-D905412E8C1E}
	EndGlobalSection
EndGlobal
